{
  "name": "jsonmerger",
  "version": "2.1.0",
  "npm-shrinkwrap-version": "200.5.1",
  "node-version": "v4.4.3",
  "dependencies": {
    "djson": {
      "version": "2.0.2",
      "resolved": "https://registry.npmjs.org/djson/-/djson-2.0.2.tgz",
      "dependencies": {
        "underscore.string": {
          "version": "3.2.3",
          "resolved": "https://registry.npmjs.org/underscore.string/-/underscore.string-3.2.3.tgz"
        }
      }
    },
    "lodash": {
      "version": "4.1.0",
      "resolved": "https://registry.npmjs.org/lodash/-/lodash-4.1.0.tgz"
    },
    "traverse": {
      "version": "0.6.6",
      "resolved": "https://registry.npmjs.org/traverse/-/traverse-0.6.6.tgz"
    }
  }
}
