{
  "name": "jsonmerger",
  "version": "2.0.1",
  "dependencies": {
    "djson": {
      "version": "2.0.1",
      "from": "djson@>=2.0.1 <3.0.0",
      "dependencies": {
        "underscore.string": {
          "version": "3.2.3",
          "from": "https://registry.npmjs.org/underscore.string/-/underscore.string-3.2.3.tgz",
          "resolved": "https://registry.npmjs.org/underscore.string/-/underscore.string-3.2.3.tgz"
        }
      }
    },
    "lodash": {
      "version": "4.1.0",
      "from": "lodash@>=4.1.0 <5.0.0",
      "resolved": "https://registry.npmjs.org/lodash/-/lodash-4.1.0.tgz"
    },
    "traverse": {
      "version": "0.6.6",
      "from": "traverse@>=0.6.6 <0.7.0",
      "resolved": "https://registry.npmjs.org/traverse/-/traverse-0.6.6.tgz"
    }
  }
}
